// !$*UTF8*$!
{
	archiveVersion = 1;
	classes = {
	};
	objectVersion = 46;
	objects = {

/* Begin PBXBuildFile section */
		B526944817518EBE002CF620 /* UIKit.framework in Frameworks */ = {isa = PBXBuildFile; fileRef = B526944717518EBE002CF620 /* UIKit.framework */; };
		B526944A17518EBE002CF620 /* Foundation.framework in Frameworks */ = {isa = PBXBuildFile; fileRef = B526944917518EBE002CF620 /* Foundation.framework */; };
		B526944C17518EBE002CF620 /* CoreGraphics.framework in Frameworks */ = {isa = PBXBuildFile; fileRef = B526944B17518EBE002CF620 /* CoreGraphics.framework */; };
		B526945217518EBE002CF620 /* InfoPlist.strings in Resources */ = {isa = PBXBuildFile; fileRef = B526945017518EBE002CF620 /* InfoPlist.strings */; };
		B526945417518EBE002CF620 /* main.m in Sources */ = {isa = PBXBuildFile; fileRef = B526945317518EBE002CF620 /* main.m */; };
		B526945817518EBE002CF620 /* NDAppDelegate.m in Sources */ = {isa = PBXBuildFile; fileRef = B526945717518EBE002CF620 /* NDAppDelegate.m */; };
		B526945A17518EBE002CF620 /* Default.png in Resources */ = {isa = PBXBuildFile; fileRef = B526945917518EBE002CF620 /* Default.png */; };
		B526945C17518EBE002CF620 /* Default@2x.png in Resources */ = {isa = PBXBuildFile; fileRef = B526945B17518EBE002CF620 /* Default@2x.png */; };
		B526945E17518EBE002CF620 /* Default-568h@2x.png in Resources */ = {isa = PBXBuildFile; fileRef = B526945D17518EBE002CF620 /* Default-568h@2x.png */; };
		B526946117518EBE002CF620 /* MainStoryboard.storyboard in Resources */ = {isa = PBXBuildFile; fileRef = B526945F17518EBE002CF620 /* MainStoryboard.storyboard */; };
		B526946417518EBE002CF620 /* NDViewController.m in Sources */ = {isa = PBXBuildFile; fileRef = B526946317518EBE002CF620 /* NDViewController.m */; };
		B52694B617518F53002CF620 /* hires.png in Resources */ = {isa = PBXBuildFile; fileRef = B526947917518F53002CF620 /* hires.png */; };
		B52694B717518F53002CF620 /* icon.png in Resources */ = {isa = PBXBuildFile; fileRef = B526947A17518F53002CF620 /* icon.png */; };
		B52694E617519329002CF620 /* nyandroid.gif in Resources */ = {isa = PBXBuildFile; fileRef = B52694E517519329002CF620 /* nyandroid.gif */; };
		B52694EB1751942C002CF620 /* ImageIO.framework in Frameworks */ = {isa = PBXBuildFile; fileRef = B52694EA1751942C002CF620 /* ImageIO.framework */; };
		B52694F31751956D002CF620 /* OLImage.m in Sources */ = {isa = PBXBuildFile; fileRef = B52694F01751956C002CF620 /* OLImage.m */; };
		B52694F41751956D002CF620 /* OLImageView.m in Sources */ = {isa = PBXBuildFile; fileRef = B52694F21751956D002CF620 /* OLImageView.m */; };
		B52694F6175195E0002CF620 /* QuartzCore.framework in Frameworks */ = {isa = PBXBuildFile; fileRef = B52694F5175195E0002CF620 /* QuartzCore.framework */; };
		B52694F817519610002CF620 /* MobileCoreServices.framework in Frameworks */ = {isa = PBXBuildFile; fileRef = B52694F717519610002CF620 /* MobileCoreServices.framework */; };
		B52694FB17519D9E002CF620 /* star.gif in Resources */ = {isa = PBXBuildFile; fileRef = B52694FA17519D9D002CF620 /* star.gif */; };
		B52694FE1751A70D002CF620 /* neapolitan0.gif in Resources */ = {isa = PBXBuildFile; fileRef = B52694FC1751A70C002CF620 /* neapolitan0.gif */; };
		B52694FF1751A70D002CF620 /* neapolitan1.gif in Resources */ = {isa = PBXBuildFile; fileRef = B52694FD1751A70D002CF620 /* neapolitan1.gif */; };
		B57347A91752C6EE00D602FB /* MainStoryboard_iPad.storyboard in Resources */ = {isa = PBXBuildFile; fileRef = B57347A81752C6EE00D602FB /* MainStoryboard_iPad.storyboard */; };
/* End PBXBuildFile section */

/* Begin PBXFileReference section */
		B526944417518EBE002CF620 /* Nyandroid.app */ = {isa = PBXFileReference; explicitFileType = wrapper.application; includeInIndex = 0; path = Nyandroid.app; sourceTree = BUILT_PRODUCTS_DIR; };
		B526944717518EBE002CF620 /* UIKit.framework */ = {isa = PBXFileReference; lastKnownFileType = wrapper.framework; name = UIKit.framework; path = System/Library/Frameworks/UIKit.framework; sourceTree = SDKROOT; };
		B526944917518EBE002CF620 /* Foundation.framework */ = {isa = PBXFileReference; lastKnownFileType = wrapper.framework; name = Foundation.framework; path = System/Library/Frameworks/Foundation.framework; sourceTree = SDKROOT; };
		B526944B17518EBE002CF620 /* CoreGraphics.framework */ = {isa = PBXFileReference; lastKnownFileType = wrapper.framework; name = CoreGraphics.framework; path = System/Library/Frameworks/CoreGraphics.framework; sourceTree = SDKROOT; };
		B526944F17518EBE002CF620 /* Nyandroid-Info.plist */ = {isa = PBXFileReference; lastKnownFileType = text.plist.xml; path = "Nyandroid-Info.plist"; sourceTree = "<group>"; };
		B526945117518EBE002CF620 /* en */ = {isa = PBXFileReference; lastKnownFileType = text.plist.strings; name = en; path = en.lproj/InfoPlist.strings; sourceTree = "<group>"; };
		B526945317518EBE002CF620 /* main.m */ = {isa = PBXFileReference; lastKnownFileType = sourcecode.c.objc; path = main.m; sourceTree = "<group>"; };
		B526945517518EBE002CF620 /* Nyandroid-Prefix.pch */ = {isa = PBXFileReference; lastKnownFileType = sourcecode.c.h; path = "Nyandroid-Prefix.pch"; sourceTree = "<group>"; };
		B526945617518EBE002CF620 /* NDAppDelegate.h */ = {isa = PBXFileReference; lastKnownFileType = sourcecode.c.h; path = NDAppDelegate.h; sourceTree = "<group>"; };
		B526945717518EBE002CF620 /* NDAppDelegate.m */ = {isa = PBXFileReference; lastKnownFileType = sourcecode.c.objc; path = NDAppDelegate.m; sourceTree = "<group>"; };
		B526945917518EBE002CF620 /* Default.png */ = {isa = PBXFileReference; lastKnownFileType = image.png; path = Default.png; sourceTree = "<group>"; };
		B526945B17518EBE002CF620 /* Default@2x.png */ = {isa = PBXFileReference; lastKnownFileType = image.png; path = "Default@2x.png"; sourceTree = "<group>"; };
		B526945D17518EBE002CF620 /* Default-568h@2x.png */ = {isa = PBXFileReference; lastKnownFileType = image.png; path = "Default-568h@2x.png"; sourceTree = "<group>"; };
		B526946017518EBE002CF620 /* en */ = {isa = PBXFileReference; lastKnownFileType = file.storyboard; name = en; path = en.lproj/MainStoryboard.storyboard; sourceTree = "<group>"; };
		B526946217518EBE002CF620 /* NDViewController.h */ = {isa = PBXFileReference; lastKnownFileType = sourcecode.c.h; path = NDViewController.h; sourceTree = "<group>"; };
		B526946317518EBE002CF620 /* NDViewController.m */ = {isa = PBXFileReference; lastKnownFileType = sourcecode.c.objc; path = NDViewController.m; sourceTree = "<group>"; };
		B526947917518F53002CF620 /* hires.png */ = {isa = PBXFileReference; lastKnownFileType = image.png; name = hires.png; path = ../../Graphics/hires.png; sourceTree = "<group>"; };
		B526947A17518F53002CF620 /* icon.png */ = {isa = PBXFileReference; lastKnownFileType = image.png; name = icon.png; path = ../../Graphics/icon.png; sourceTree = "<group>"; };
		B52694E517519329002CF620 /* nyandroid.gif */ = {isa = PBXFileReference; lastKnownFileType = image.gif; name = nyandroid.gif; path = ../../Graphics/nyandroid/nyandroid.gif; sourceTree = "<group>"; };
		B52694EA1751942C002CF620 /* ImageIO.framework */ = {isa = PBXFileReference; lastKnownFileType = wrapper.framework; name = ImageIO.framework; path = System/Library/Frameworks/ImageIO.framework; sourceTree = SDKROOT; };
		B52694EF1751956C002CF620 /* OLImage.h */ = {isa = PBXFileReference; fileEncoding = 4; lastKnownFileType = sourcecode.c.h; path = OLImage.h; sourceTree = "<group>"; };
		B52694F01751956C002CF620 /* OLImage.m */ = {isa = PBXFileReference; fileEncoding = 4; lastKnownFileType = sourcecode.c.objc; path = OLImage.m; sourceTree = "<group>"; };
		B52694F11751956C002CF620 /* OLImageView.h */ = {isa = PBXFileReference; fileEncoding = 4; lastKnownFileType = sourcecode.c.h; path = OLImageView.h; sourceTree = "<group>"; };
		B52694F21751956D002CF620 /* OLImageView.m */ = {isa = PBXFileReference; fileEncoding = 4; lastKnownFileType = sourcecode.c.objc; path = OLImageView.m; sourceTree = "<group>"; };
		B52694F5175195E0002CF620 /* QuartzCore.framework */ = {isa = PBXFileReference; lastKnownFileType = wrapper.framework; name = QuartzCore.framework; path = System/Library/Frameworks/QuartzCore.framework; sourceTree = SDKROOT; };
		B52694F717519610002CF620 /* MobileCoreServices.framework */ = {isa = PBXFileReference; lastKnownFileType = wrapper.framework; name = MobileCoreServices.framework; path = System/Library/Frameworks/MobileCoreServices.framework; sourceTree = SDKROOT; };
		B52694FA17519D9D002CF620 /* star.gif */ = {isa = PBXFileReference; lastKnownFileType = image.gif; name = star.gif; path = ../../Graphics/white_star/star.gif; sourceTree = "<group>"; };
		B52694FC1751A70C002CF620 /* neapolitan0.gif */ = {isa = PBXFileReference; lastKnownFileType = image.gif; name = neapolitan0.gif; path = ../../Graphics/rainbow/neapolitan0.gif; sourceTree = "<group>"; };
		B52694FD1751A70D002CF620 /* neapolitan1.gif */ = {isa = PBXFileReference; lastKnownFileType = image.gif; name = neapolitan1.gif; path = ../../Graphics/rainbow/neapolitan1.gif; sourceTree = "<group>"; };
		B57347A81752C6EE00D602FB /* MainStoryboard_iPad.storyboard */ = {isa = PBXFileReference; fileEncoding = 4; lastKnownFileType = file.storyboard; path = MainStoryboard_iPad.storyboard; sourceTree = "<group>"; };
/* End PBXFileReference section */

/* Begin PBXFrameworksBuildPhase section */
		B526944117518EBE002CF620 /* Frameworks */ = {
			isa = PBXFrameworksBuildPhase;
			buildActionMask = 2147483647;
			files = (
				B52694F817519610002CF620 /* MobileCoreServices.framework in Frameworks */,
				B52694F6175195E0002CF620 /* QuartzCore.framework in Frameworks */,
				B52694EB1751942C002CF620 /* ImageIO.framework in Frameworks */,
				B526944817518EBE002CF620 /* UIKit.framework in Frameworks */,
				B526944A17518EBE002CF620 /* Foundation.framework in Frameworks */,
				B526944C17518EBE002CF620 /* CoreGraphics.framework in Frameworks */,
			);
			runOnlyForDeploymentPostprocessing = 0;
		};
/* End PBXFrameworksBuildPhase section */

/* Begin PBXGroup section */
		B526943B17518EBD002CF620 = {
			isa = PBXGroup;
			children = (
				B526944D17518EBE002CF620 /* Nyandroid */,
				B526944617518EBE002CF620 /* Frameworks */,
				B526944517518EBE002CF620 /* Products */,
			);
			sourceTree = "<group>";
		};
		B526944517518EBE002CF620 /* Products */ = {
			isa = PBXGroup;
			children = (
				B526944417518EBE002CF620 /* Nyandroid.app */,
			);
			name = Products;
			sourceTree = "<group>";
		};
		B526944617518EBE002CF620 /* Frameworks */ = {
			isa = PBXGroup;
			children = (
				B52694F717519610002CF620 /* MobileCoreServices.framework */,
				B52694F5175195E0002CF620 /* QuartzCore.framework */,
				B52694EA1751942C002CF620 /* ImageIO.framework */,
				B526944717518EBE002CF620 /* UIKit.framework */,
				B526944917518EBE002CF620 /* Foundation.framework */,
				B526944B17518EBE002CF620 /* CoreGraphics.framework */,
			);
			name = Frameworks;
			sourceTree = "<group>";
		};
		B526944D17518EBE002CF620 /* Nyandroid */ = {
			isa = PBXGroup;
			children = (
				B52694F917519AB7002CF620 /* OLImageView */,
				B526946A17518F4A002CF620 /* Graphics */,
				B526945617518EBE002CF620 /* NDAppDelegate.h */,
				B526945717518EBE002CF620 /* NDAppDelegate.m */,
				B526945F17518EBE002CF620 /* MainStoryboard.storyboard */,
				B57347A81752C6EE00D602FB /* MainStoryboard_iPad.storyboard */,
				B526946217518EBE002CF620 /* NDViewController.h */,
				B526946317518EBE002CF620 /* NDViewController.m */,
				B526944E17518EBE002CF620 /* Supporting Files */,
			);
			path = Nyandroid;
			sourceTree = "<group>";
		};
		B526944E17518EBE002CF620 /* Supporting Files */ = {
			isa = PBXGroup;
			children = (
				B526944F17518EBE002CF620 /* Nyandroid-Info.plist */,
				B526945017518EBE002CF620 /* InfoPlist.strings */,
				B526945317518EBE002CF620 /* main.m */,
				B526945517518EBE002CF620 /* Nyandroid-Prefix.pch */,
				B526945917518EBE002CF620 /* Default.png */,
				B526945B17518EBE002CF620 /* Default@2x.png */,
				B526945D17518EBE002CF620 /* Default-568h@2x.png */,
			);
			name = "Supporting Files";
			sourceTree = "<group>";
		};
		B526946A17518F4A002CF620 /* Graphics */ = {
			isa = PBXGroup;
			children = (
				B52694FC1751A70C002CF620 /* neapolitan0.gif */,
				B52694FD1751A70D002CF620 /* neapolitan1.gif */,
				B52694E517519329002CF620 /* nyandroid.gif */,
				B52694FA17519D9D002CF620 /* star.gif */,
				B526947917518F53002CF620 /* hires.png */,
				B526947A17518F53002CF620 /* icon.png */,
			);
			name = Graphics;
			sourceTree = "<group>";
		};
		B52694F917519AB7002CF620 /* OLImageView */ = {
			isa = PBXGroup;
			children = (
				B52694EF1751956C002CF620 /* OLImage.h */,
				B52694F01751956C002CF620 /* OLImage.m */,
				B52694F11751956C002CF620 /* OLImageView.h */,
				B52694F21751956D002CF620 /* OLImageView.m */,
			);
			name = OLImageView;
			sourceTree = "<group>";
		};
/* End PBXGroup section */

/* Begin PBXNativeTarget section */
		B526944317518EBE002CF620 /* Nyandroid */ = {
			isa = PBXNativeTarget;
			buildConfigurationList = B526946717518EBE002CF620 /* Build configuration list for PBXNativeTarget "Nyandroid" */;
			buildPhases = (
				B526944017518EBE002CF620 /* Sources */,
				B526944117518EBE002CF620 /* Frameworks */,
				B526944217518EBE002CF620 /* Resources */,
			);
			buildRules = (
			);
			dependencies = (
			);
			name = Nyandroid;
			productName = Nyandroid;
			productReference = B526944417518EBE002CF620 /* Nyandroid.app */;
			productType = "com.apple.product-type.application";
		};
/* End PBXNativeTarget section */

/* Begin PBXProject section */
		B526943C17518EBD002CF620 /* Project object */ = {
			isa = PBXProject;
			attributes = {
				CLASSPREFIX = ND;
				LastUpgradeCheck = 0460;
				ORGANIZATIONNAME = "James Power";
			};
			buildConfigurationList = B526943F17518EBD002CF620 /* Build configuration list for PBXProject "Nyandroid" */;
			compatibilityVersion = "Xcode 3.2";
			developmentRegion = English;
			hasScannedForEncodings = 0;
			knownRegions = (
				en,
			);
			mainGroup = B526943B17518EBD002CF620;
			productRefGroup = B526944517518EBE002CF620 /* Products */;
			projectDirPath = "";
			projectRoot = "";
			targets = (
				B526944317518EBE002CF620 /* Nyandroid */,
			);
		};
/* End PBXProject section */

/* Begin PBXResourcesBuildPhase section */
		B526944217518EBE002CF620 /* Resources */ = {
			isa = PBXResourcesBuildPhase;
			buildActionMask = 2147483647;
			files = (
				B526945217518EBE002CF620 /* InfoPlist.strings in Resources */,
				B526945A17518EBE002CF620 /* Default.png in Resources */,
				B526945C17518EBE002CF620 /* Default@2x.png in Resources */,
				B526945E17518EBE002CF620 /* Default-568h@2x.png in Resources */,
				B526946117518EBE002CF620 /* MainStoryboard.storyboard in Resources */,
				B52694B617518F53002CF620 /* hires.png in Resources */,
				B52694B717518F53002CF620 /* icon.png in Resources */,
				B52694E617519329002CF620 /* nyandroid.gif in Resources */,
				B52694FB17519D9E002CF620 /* star.gif in Resources */,
				B52694FE1751A70D002CF620 /* neapolitan0.gif in Resources */,
				B52694FF1751A70D002CF620 /* neapolitan1.gif in Resources */,
				B57347A91752C6EE00D602FB /* MainStoryboard_iPad.storyboard in Resources */,
			);
			runOnlyForDeploymentPostprocessing = 0;
		};
/* End PBXResourcesBuildPhase section */

/* Begin PBXSourcesBuildPhase section */
		B526944017518EBE002CF620 /* Sources */ = {
			isa = PBXSourcesBuildPhase;
			buildActionMask = 2147483647;
			files = (
				B526945417518EBE002CF620 /* main.m in Sources */,
				B526945817518EBE002CF620 /* NDAppDelegate.m in Sources */,
				B526946417518EBE002CF620 /* NDViewController.m in Sources */,
				B52694F31751956D002CF620 /* OLImage.m in Sources */,
				B52694F41751956D002CF620 /* OLImageView.m in Sources */,
			);
			runOnlyForDeploymentPostprocessing = 0;
		};
/* End PBXSourcesBuildPhase section */

/* Begin PBXVariantGroup section */
		B526945017518EBE002CF620 /* InfoPlist.strings */ = {
			isa = PBXVariantGroup;
			children = (
				B526945117518EBE002CF620 /* en */,
			);
			name = InfoPlist.strings;
			sourceTree = "<group>";
		};
		B526945F17518EBE002CF620 /* MainStoryboard.storyboard */ = {
			isa = PBXVariantGroup;
			children = (
				B526946017518EBE002CF620 /* en */,
			);
			name = MainStoryboard.storyboard;
			sourceTree = "<group>";
		};
/* End PBXVariantGroup section */

/* Begin XCBuildConfiguration section */
		B526946517518EBE002CF620 /* Debug */ = {
			isa = XCBuildConfiguration;
			buildSettings = {
				ALWAYS_SEARCH_USER_PATHS = NO;
				CLANG_CXX_LANGUAGE_STANDARD = "gnu++0x";
				CLANG_CXX_LIBRARY = "libc++";
				CLANG_ENABLE_OBJC_ARC = YES;
				CLANG_WARN_CONSTANT_CONVERSION = YES;
				CLANG_WARN_EMPTY_BODY = YES;
				CLANG_WARN_ENUM_CONVERSION = YES;
				CLANG_WARN_INT_CONVERSION = YES;
				CLANG_WARN__DUPLICATE_METHOD_MATCH = YES;
				"CODE_SIGN_IDENTITY[sdk=iphoneos*]" = "iPhone Developer";
				COPY_PHASE_STRIP = NO;
				GCC_C_LANGUAGE_STANDARD = gnu99;
				GCC_DYNAMIC_NO_PIC = NO;
				GCC_OPTIMIZATION_LEVEL = 0;
				GCC_PREPROCESSOR_DEFINITIONS = (
					"DEBUG=1",
					"$(inherited)",
				);
				GCC_SYMBOLS_PRIVATE_EXTERN = NO;
				GCC_WARN_ABOUT_RETURN_TYPE = YES;
				GCC_WARN_UNINITIALIZED_AUTOS = YES;
				GCC_WARN_UNUSED_VARIABLE = YES;
				IPHONEOS_DEPLOYMENT_TARGET = 6.1;
				ONLY_ACTIVE_ARCH = YES;
				SDKROOT = iphoneos;
			};
			name = Debug;
		};
		B526946617518EBE002CF620 /* Release */ = {
			isa = XCBuildConfiguration;
			buildSettings = {
				ALWAYS_SEARCH_USER_PATHS = NO;
				CLANG_CXX_LANGUAGE_STANDARD = "gnu++0x";
				CLANG_CXX_LIBRARY = "libc++";
				CLANG_ENABLE_OBJC_ARC = YES;
				CLANG_WARN_CONSTANT_CONVERSION = YES;
				CLANG_WARN_EMPTY_BODY = YES;
				CLANG_WARN_ENUM_CONVERSION = YES;
				CLANG_WARN_INT_CONVERSION = YES;
				CLANG_WARN__DUPLICATE_METHOD_MATCH = YES;
				"CODE_SIGN_IDENTITY[sdk=iphoneos*]" = "iPhone Developer";
				COPY_PHASE_STRIP = YES;
				GCC_C_LANGUAGE_STANDARD = gnu99;
				GCC_WARN_ABOUT_RETURN_TYPE = YES;
				GCC_WARN_UNINITIALIZED_AUTOS = YES;
				GCC_WARN_UNUSED_VARIABLE = YES;
				IPHONEOS_DEPLOYMENT_TARGET = 6.1;
				OTHER_CFLAGS = "-DNS_BLOCK_ASSERTIONS=1";
				SDKROOT = iphoneos;
				VALIDATE_PRODUCT = YES;
			};
			name = Release;
		};
		B526946817518EBE002CF620 /* Debug */ = {
			isa = XCBuildConfiguration;
			buildSettings = {
				GCC_PRECOMPILE_PREFIX_HEADER = YES;
				GCC_PREFIX_HEADER = "Nyandroid/Nyandroid-Prefix.pch";
				INFOPLIST_FILE = "Nyandroid/Nyandroid-Info.plist";
				IPHONEOS_DEPLOYMENT_TARGET = 6.1;
				PRODUCT_NAME = "$(TARGET_NAME)";
				TARGETED_DEVICE_FAMILY = "1,2";
				WRAPPER_EXTENSION = app;
			};
			name = Debug;
		};
		B526946917518EBE002CF620 /* Release */ = {
			isa = XCBuildConfiguration;
			buildSettings = {
				GCC_PRECOMPILE_PREFIX_HEADER = YES;
				GCC_PREFIX_HEADER = "Nyandroid/Nyandroid-Prefix.pch";
				INFOPLIST_FILE = "Nyandroid/Nyandroid-Info.plist";
				IPHONEOS_DEPLOYMENT_TARGET = 6.1;
				PRODUCT_NAME = "$(TARGET_NAME)";
				TARGETED_DEVICE_FAMILY = "1,2";
				WRAPPER_EXTENSION = app;
			};
			name = Release;
		};
/* End XCBuildConfiguration section */

/* Begin XCConfigurationList section */
		B526943F17518EBD002CF620 /* Build configuration list for PBXProject "Nyandroid" */ = {
			isa = XCConfigurationList;
			buildConfigurations = (
				B526946517518EBE002CF620 /* Debug */,
				B526946617518EBE002CF620 /* Release */,
			);
			defaultConfigurationIsVisible = 0;
			defaultConfigurationName = Release;
		};
		B526946717518EBE002CF620 /* Build configuration list for PBXNativeTarget "Nyandroid" */ = {
			isa = XCConfigurationList;
			buildConfigurations = (
				B526946817518EBE002CF620 /* Debug */,
				B526946917518EBE002CF620 /* Release */,
			);
			defaultConfigurationIsVisible = 0;
			defaultConfigurationName = Release;
		};
/* End XCConfigurationList section */
	};
	rootObject = B526943C17518EBD002CF620 /* Project object */;
}
